<Project xmlns="http://schemas.microsoft.com/developer/msbuild/2003">
  <PropertyGroup>
    <ProjectGuid>{7063BD4F-ECC7-4709-B8F1-71992AADC480}</ProjectGuid>
    <MainSource>JediApi_SingleUnits.dpk</MainSource>
    <Configuration Condition=" '$(Configuration)' == '' ">Release</Configuration>
    <Platform Condition=" '$(Platform)' == '' ">AnyCPU</Platform>
    <DCC_DCCCompiler>DCC32</DCC_DCCCompiler>
    <DCC_UsePackage>rtl;vcl;vclie</DCC_UsePackage>
  </PropertyGroup>
  <PropertyGroup Condition=" '$(Configuration)|$(Platform)' == 'Release|AnyCPU' ">
    <Version>7.0</Version>
    <DCC_DebugInformation>False</DCC_DebugInformation>
    <DCC_LocalDebugSymbols>False</DCC_LocalDebugSymbols>
    <DCC_SymbolReferenceInfo>0</DCC_SymbolReferenceInfo>
    <DCC_Define>RELEASE;PACKAGE_CONDITIONS;JWA_WINDOWS;DYNAMIC_LINK</DCC_Define>
    <DCC_DcuOutput>..\..\lib\d11</DCC_DcuOutput>
    <DCC_ObjOutput>..\..\lib\d11</DCC_ObjOutput>
    <DCC_HppOutput>..\..\lib\d11</DCC_HppOutput>
    <DCC_DcpOutput>..\..\lib\d11</DCC_DcpOutput>
    <DCC_UnitSearchPath>..\..\lib\d11;..\..\source\include;..\..\source\common-apilib</DCC_UnitSearchPath>
    <DCC_ResourcePath>..\..\lib\d11;..\..\source\include;..\..\source\common-apilib</DCC_ResourcePath>
    <DCC_ObjPath>..\..\lib\d11;..\..\source\include;..\..\source\common-apilib</DCC_ObjPath>
    <DCC_IncludePath>..\..\lib\d11;..\..\source\include;..\..\source\common-apilib</DCC_IncludePath>
  </PropertyGroup>
  <PropertyGroup Condition=" '$(Configuration)|$(Platform)' == 'Debug|AnyCPU' ">
    <Version>7.0</Version>
    <DCC_Define>DEBUG;PACKAGE_CONDITIONS;JWA_WINDOWS;DYNAMIC_LINK</DCC_Define>
    <DCC_DcuOutput>..\..\lib\d11\debug</DCC_DcuOutput>
    <DCC_ObjOutput>..\..\lib\d11\debug</DCC_ObjOutput>
    <DCC_HppOutput>..\..\lib\d11\debug</DCC_HppOutput>
    <DCC_DcpOutput>..\..\lib\d11\debug</DCC_DcpOutput>
    <DCC_UnitSearchPath>..\..\lib\d11\debug;..\..\source\include;..\..\source\common-apilib</DCC_UnitSearchPath>
    <DCC_ResourcePath>..\..\lib\d11\debug;..\..\source\include;..\..\source\common-apilib</DCC_ResourcePath>
    <DCC_ObjPath>..\..\lib\d11\debug;..\..\source\include;..\..\source\common-apilib</DCC_ObjPath>
    <DCC_IncludePath>..\..\lib\d11\debug;..\..\source\include;..\..\source\common-apilib</DCC_IncludePath>    
  </PropertyGroup>
  <ProjectExtensions>
    <Borland.Personality>Delphi.Personality</Borland.Personality>
    <Borland.ProjectType>Package</Borland.ProjectType>
    <BorlandProject>
      <BorlandProject xmlns=""> 
        <Delphi.Personality>
          <Parameters>
            <Parameters Name="UseLauncher">False</Parameters>
            <Parameters Name="LoadAllSymbols">True</Parameters>
            <Parameters Name="LoadUnspecifiedSymbols">False</Parameters>
          </Parameters>
          <VersionInfo>
           <VersionInfo Name="IncludeVerInfo">True</VersionInfo>
           <VersionInfo Name="AutoIncBuild">False</VersionInfo>
           <VersionInfo Name="MajorVer">1</VersionInfo>
           <VersionInfo Name="MinorVer">3</VersionInfo>
           <VersionInfo Name="Release">0</VersionInfo>
           <VersionInfo Name="Build">0</VersionInfo>
           <VersionInfo Name="Debug">False</VersionInfo>
           <VersionInfo Name="PreRelease">False</VersionInfo>
           <VersionInfo Name="Special">False</VersionInfo>
           <VersionInfo Name="Private">False</VersionInfo>
           <VersionInfo Name="DLL">False</VersionInfo>
           <VersionInfo Name="Locale">1031</VersionInfo>
           <VersionInfo Name="CodePage">1252</VersionInfo>
         </VersionInfo>
         <VersionInfoKeys>
          <VersionInfoKeys Name="CompanyName">Project JEDI</VersionInfoKeys>
          <VersionInfoKeys Name="FileDescription">JEDI API Library single units package</VersionInfoKeys>
          <VersionInfoKeys Name="FileVersion">1.3.0.0</VersionInfoKeys>
          <VersionInfoKeys Name="InternalName">JediApi_SingleUnits</VersionInfoKeys>
          <VersionInfoKeys Name="LegalCopyright">Copyright (C) 1999, 2008 Project JEDI</VersionInfoKeys>
          <VersionInfoKeys Name="LegalTrademarks"></VersionInfoKeys>
          <VersionInfoKeys Name="OriginalFilename">JediApi_SingleUnits110.bpl</VersionInfoKeys>
          <VersionInfoKeys Name="ProductName">JEDI Code Library</VersionInfoKeys>
          <VersionInfoKeys Name="ProductVersion">1.3 Build 0</VersionInfoKeys>
         </VersionInfoKeys>
         <Source>
           <Source Name="MainSource">JediApi_SingleUnits.dpk</Source>
         </Source>
         <Package_Options>
           <Package_Options Name="LibSuffix">110</Package_Options>
         </Package_Options>
       </Delphi.Personality>
    </BorlandProject>
  </BorlandProject>
  </ProjectExtensions>
  <Import Project="$(MSBuildBinPath)\Borland.Delphi.Targets" />
  <ItemGroup>
    <DelphiCompile Include="JediApi_SingleUnits.dpk">
      <MainSource>MainSource</MainSource>
    </DelphiCompile>
    <DCCReference Include="rtl.dcp" />
    <DCCReference Include="vcl.dcp" />
    <DCCReference Include="vclie.dcp" />
    <DCCReference Include="..\..\source\apilib\JwaShellAPI.pas" />
    <DCCReference Include="..\..\source\apilib\JwaShLWAPI.pas" />
    <DCCReference Include="..\..\source\apilib\JwaAccCtrl.pas" />
    <DCCReference Include="..\..\source\apilib\JwaAclApi.pas" />
    <DCCReference Include="..\..\source\apilib\JwaAclUI.pas" />
    <DCCReference Include="..\..\source\apilib\JwaActiveDS.pas" />
    <DCCReference Include="..\..\source\apilib\JwaActiveX.pas" />
    <DCCReference Include="..\..\source\apilib\JwaAdsDb.pas" />
    <DCCReference Include="..\..\source\apilib\JwaAdsErr.pas" />
    <DCCReference Include="..\..\source\apilib\JwaAdsHlp.pas" />
    <DCCReference Include="..\..\source\apilib\JwaAdsnms.pas" />
    <DCCReference Include="..\..\source\apilib\JwaAdsProp.pas" />
    <DCCReference Include="..\..\source\apilib\JwaAdssts.pas" />
    <DCCReference Include="..\..\source\apilib\JwaAdsTLB.pas" />
    <DCCReference Include="..\..\source\apilib\JwaAdtGen.pas" />
    <DCCReference Include="..\..\source\apilib\JwaAF_Irda.pas" />
    <DCCReference Include="..\..\source\apilib\JwaAtalkWsh.pas" />
    <DCCReference Include="..\..\source\apilib\JwaAuthif.pas" />
    <DCCReference Include="..\..\source\apilib\JwaAuthz.pas" />
    <DCCReference Include="..\..\source\apilib\JwaBatClass.pas" />
    <DCCReference Include="..\..\source\apilib\JwaBCrypt.pas" />
    <DCCReference Include="..\..\source\apilib\JwaBitFields.pas" />
    <DCCReference Include="..\..\source\apilib\JwaBits.pas" />
    <DCCReference Include="..\..\source\apilib\JwaBits1_5.pas" />
    <DCCReference Include="..\..\source\apilib\JwaBitscfg.pas" />
    <DCCReference Include="..\..\source\apilib\JwaBitsMsg.pas" />
    <DCCReference Include="..\..\source\apilib\JwaBLBErr.pas" />
    <DCCReference Include="..\..\source\apilib\JwaBluetoothAPIs.pas" />
    <DCCReference Include="..\..\source\apilib\JwaBtHDef.pas" />
    <DCCReference Include="..\..\source\apilib\JwaBthSdpDef.pas" />
    <DCCReference Include="..\..\source\apilib\JwaBugCodes.pas" />
    <DCCReference Include="..\..\source\apilib\JwaCardErr.pas" />
    <DCCReference Include="..\..\source\apilib\JwaCdErr.pas" />
    <DCCReference Include="..\..\source\apilib\JwaCmnQuery.pas" />
    <DCCReference Include="..\..\source\apilib\JwaColorDlg.pas" />
    <DCCReference Include="..\..\source\apilib\JwaCpl.pas" />
    <DCCReference Include="..\..\source\apilib\JwaCplext.pas" />
    <DCCReference Include="..\..\source\apilib\JwaCryptUIApi.pas" />
    <DCCReference Include="..\..\source\apilib\JwaDbt.pas" />
    <DCCReference Include="..\..\source\apilib\JwaDde.pas" />
    <DCCReference Include="..\..\source\apilib\JwaDhcpCSdk.pas" />
    <DCCReference Include="..\..\source\apilib\JwaDhcpsApi.pas" />
    <DCCReference Include="..\..\source\apilib\JwaDhcpSSdk.pas" />
    <DCCReference Include="..\..\source\apilib\JwaDlgs.pas" />
    <DCCReference Include="..\..\source\apilib\JwaDSAdmin.pas" />
    <DCCReference Include="..\..\source\apilib\JwaDSClient.pas" />
    <DCCReference Include="..\..\source\apilib\JwaDSGetDc.pas" />
    <DCCReference Include="..\..\source\apilib\JwaDskQuota.pas" />
    <DCCReference Include="..\..\source\apilib\JwaDSQuery.pas" />
    <DCCReference Include="..\..\source\apilib\JwaDSRole.pas" />
    <DCCReference Include="..\..\source\apilib\JwaDsSec.pas" />
    <DCCReference Include="..\..\source\apilib\JwaErrorRep.pas" />
    <DCCReference Include="..\..\source\apilib\JwaExcpt.pas" />
    <DCCReference Include="..\..\source\apilib\JwaFaxDev.pas" />
    <DCCReference Include="..\..\source\apilib\JwaFaxExt.pas" />
    <DCCReference Include="..\..\source\apilib\JwaFaxMmc.pas" />
    <DCCReference Include="..\..\source\apilib\JwaFaxRoute.pas" />
    <DCCReference Include="..\..\source\apilib\JwaGPEdit.pas" />
    <DCCReference Include="..\..\source\apilib\JwaHhError.pas" />
    <DCCReference Include="..\..\source\apilib\JwaHtmlGuid.pas" />
    <DCCReference Include="..\..\source\apilib\JwaHtmlHelp.pas" />
    <DCCReference Include="..\..\source\apilib\JwaIAccess.pas" />
    <DCCReference Include="..\..\source\apilib\JwaIAdmExt.pas" />
    <DCCReference Include="..\..\source\apilib\JwaIcmpApi.pas" />
    <DCCReference Include="..\..\source\apilib\JwaIisCnfg.pas" />
    <DCCReference Include="..\..\source\apilib\JwaImageHlp.pas" />
    <DCCReference Include="..\..\source\apilib\JwaImapi.pas" />
    <DCCReference Include="..\..\source\apilib\JwaImapiError.pas" />
    <DCCReference Include="..\..\source\apilib\JwaIme.pas" />
    <DCCReference Include="..\..\source\apilib\JwaIoEvent.pas" />
    <DCCReference Include="..\..\source\apilib\JwaIpExport.pas" />
    <DCCReference Include="..\..\source\apilib\JwaIpHlpApi.pas" />
    <DCCReference Include="..\..\source\apilib\JwaIpIfCons.pas" />
    <DCCReference Include="..\..\source\apilib\JwaIpInfoId.pas" />
    <DCCReference Include="..\..\source\apilib\JwaIpRtrMib.pas" />
    <DCCReference Include="..\..\source\apilib\JwaIpTypes.pas" />
    <DCCReference Include="..\..\source\apilib\JwaIsGuids.pas" />
    <DCCReference Include="..\..\source\apilib\JwaIssPer16.pas" />
    <DCCReference Include="..\..\source\apilib\JwaLmAccess.pas" />
    <DCCReference Include="..\..\source\apilib\JwaLmAlert.pas" />
    <DCCReference Include="..\..\source\apilib\JwaLmApiBuf.pas" />
    <DCCReference Include="..\..\source\apilib\JwaLmAt.pas" />
    <DCCReference Include="..\..\source\apilib\JwaLmAudit.pas" />
    <DCCReference Include="..\..\source\apilib\JwaLmConfig.pas" />
    <DCCReference Include="..\..\source\apilib\JwaLmCons.pas" />
    <DCCReference Include="..\..\source\apilib\JwaLmDFS.pas" />
    <DCCReference Include="..\..\source\apilib\JwaLmErr.pas" />
    <DCCReference Include="..\..\source\apilib\JwaLmErrLog.pas" />
    <DCCReference Include="..\..\source\apilib\JwaLmJoin.pas" />
    <DCCReference Include="..\..\source\apilib\JwaLmMsg.pas" />
    <DCCReference Include="..\..\source\apilib\JwaLmRemUtl.pas" />
    <DCCReference Include="..\..\source\apilib\JwaLmRepl.pas" />
    <DCCReference Include="..\..\source\apilib\JwaLmServer.pas" />
    <DCCReference Include="..\..\source\apilib\JwaLmShare.pas" />
    <DCCReference Include="..\..\source\apilib\JwaLmSName.pas" />
    <DCCReference Include="..\..\source\apilib\JwaLmStats.pas" />
    <DCCReference Include="..\..\source\apilib\JwaLmSvc.pas" />
    <DCCReference Include="..\..\source\apilib\JwaLmUse.pas" />
    <DCCReference Include="..\..\source\apilib\JwaLmUseFlg.pas" />
    <DCCReference Include="..\..\source\apilib\JwaLmWkSta.pas" />
    <DCCReference Include="..\..\source\apilib\JwaLoadPerf.pas" />
    <DCCReference Include="..\..\source\apilib\JwaLpmApi.pas" />
    <DCCReference Include="..\..\source\apilib\JwaMciAvi.pas" />
    <DCCReference Include="..\..\source\apilib\JwaMprError.pas" />
    <DCCReference Include="..\..\source\apilib\JwaMsi.pas" />
    <DCCReference Include="..\..\source\apilib\JwaMsiDefs.pas" />
    <DCCReference Include="..\..\source\apilib\JwaMsiQuery.pas" />
    <DCCReference Include="..\..\source\apilib\JwaMsTask.pas" />
    <DCCReference Include="..\..\source\apilib\JwaMSTcpIP.pas" />
    <DCCReference Include="..\..\source\apilib\JwaMSWSock.pas" />
    <DCCReference Include="..\..\source\apilib\JwaNative.pas" />
    <DCCReference Include="..\..\source\apilib\JwaNb30.pas" />
    <DCCReference Include="..\..\source\apilib\JwaNCrypt.pas" />
    <DCCReference Include="..\..\source\apilib\JwaNetSh.pas" />
    <DCCReference Include="..\..\source\apilib\JwaNspApi.pas" />
    <DCCReference Include="..\..\source\apilib\JwaNtDdPar.pas" />
    <DCCReference Include="..\..\source\apilib\JwaNtDsApi.pas" />
    <DCCReference Include="..\..\source\apilib\JwaNtDsbCli.pas" />
    <DCCReference Include="..\..\source\apilib\JwaNtDsBMsg.pas" />
    <DCCReference Include="..\..\source\apilib\JwaNtLDAP.pas" />
    <DCCReference Include="..\..\source\apilib\JwaNtQuery.pas" />
    <DCCReference Include="..\..\source\apilib\JwaNtSecApi.pas" />
    <DCCReference Include="..\..\source\apilib\JwaNtStatus.pas" />
    <DCCReference Include="..\..\source\apilib\JwaObjSel.pas" />
    <DCCReference Include="..\..\source\apilib\JwaPatchApi.pas" />
    <DCCReference Include="..\..\source\apilib\JwaPatchWiz.pas" />
    <DCCReference Include="..\..\source\apilib\JwaPbt.pas" />
    <DCCReference Include="..\..\source\apilib\JwaPdh.pas" />
    <DCCReference Include="..\..\source\apilib\JwaPdhMsg.pas" />
    <DCCReference Include="..\..\source\apilib\JwaPowrProf.pas" />
    <DCCReference Include="..\..\source\apilib\JwaProfInfo.pas" />
    <DCCReference Include="..\..\source\apilib\JwaProtocol.pas" />
    <DCCReference Include="..\..\source\apilib\JwaPrSht.pas" />
    <DCCReference Include="..\..\source\apilib\JwaPsApi.pas" />
    <DCCReference Include="..\..\source\apilib\JwaQos.pas" />
    <DCCReference Include="..\..\source\apilib\JwaQosName.pas" />
    <DCCReference Include="..\..\source\apilib\JwaQosPol.pas" />
    <DCCReference Include="..\..\source\apilib\JwaQosSp.pas" />
    <DCCReference Include="..\..\source\apilib\JwaReason.pas" />
    <DCCReference Include="..\..\source\apilib\JwaRegStr.pas" />
    <DCCReference Include="..\..\source\apilib\JwaRpc.pas" />
    <DCCReference Include="..\..\source\apilib\JwaRpcASync.pas" />
    <DCCReference Include="..\..\source\apilib\JwaRpcDce.pas" />
    <DCCReference Include="..\..\source\apilib\JwaRpcNsi.pas" />
    <DCCReference Include="..\..\source\apilib\JwaRpcNtErr.pas" />
    <DCCReference Include="..\..\source\apilib\JwaRpcSsl.pas" />
    <DCCReference Include="..\..\source\apilib\JwaSceSvc.pas" />
    <DCCReference Include="..\..\source\apilib\JwaSchedule.pas" />
    <DCCReference Include="..\..\source\apilib\JwaSchemaDef.pas" />
    <DCCReference Include="..\..\source\apilib\JwaSddl.pas" />
    <DCCReference Include="..\..\source\apilib\JwaSecExt.pas" />
    <DCCReference Include="..\..\source\apilib\JwaSecurity.pas" />
    <DCCReference Include="..\..\source\apilib\JwaSens.pas" />
    <DCCReference Include="..\..\source\apilib\JwaSensAPI.pas" />
    <DCCReference Include="..\..\source\apilib\JwaSensEvts.pas" />
    <DCCReference Include="..\..\source\apilib\JwaSfc.pas" />
    <DCCReference Include="..\..\source\apilib\JwaShAppMgr.pas" />
    <DCCReference Include="..\..\source\apilib\JwaSHFolder.pas" />
    <DCCReference Include="..\..\source\apilib\JwaShlDisp.pas" />
    <DCCReference Include="..\..\source\apilib\JwaShlGuid.pas" />
    <DCCReference Include="..\..\source\apilib\JwaShlObj.pas" />
    <DCCReference Include="..\..\source\apilib\JwaSisBkUp.pas" />
    <DCCReference Include="..\..\source\apilib\JwaSnmp.pas" />
    <DCCReference Include="..\..\source\apilib\JwaSpOrder.pas" />
    <DCCReference Include="..\..\source\apilib\JwaSrRestorePtApi.pas" />
    <DCCReference Include="..\..\source\apilib\JwaSspi.pas" />
    <DCCReference Include="..\..\source\apilib\JwaStrSafe.pas" />
    <DCCReference Include="..\..\source\apilib\JwaSubAuth.pas" />
    <DCCReference Include="..\..\source\apilib\JwaSvcGuid.pas" />
    <DCCReference Include="..\..\source\apilib\JwaTlHelp32.pas" />
    <DCCReference Include="..\..\source\apilib\JwaTmSchema.pas" />
    <DCCReference Include="..\..\source\apilib\JwaTraffic.pas" />
    <DCCReference Include="..\..\source\apilib\JwaUrlHist.pas" />
    <DCCReference Include="..\..\source\apilib\JwaUrlMon.pas" />
    <DCCReference Include="..\..\source\apilib\JwaUserEnv.pas" />
    <DCCReference Include="..\..\source\apilib\JwaUxTheme.pas" />
    <DCCReference Include="..\..\source\apilib\JwaVista.pas" />
    <DCCReference Include="..\..\source\apilib\JwaWbemCli.pas" />
    <DCCReference Include="..\..\source\apilib\JwaWinAble.pas" />
    <DCCReference Include="..\..\source\apilib\JwaWinBase.pas" />
    <DCCReference Include="..\..\source\apilib\JwaWinBer.pas" />
    <DCCReference Include="..\..\source\apilib\JwaWinCon.pas" />
    <DCCReference Include="..\..\source\apilib\JwaWinCpl.pas" />
    <DCCReference Include="..\..\source\apilib\JwaWinCred.pas" />
    <DCCReference Include="..\..\source\apilib\JwaWinCrypt.pas" />
    <DCCReference Include="..\..\source\apilib\JwaWinDLLNames.pas" />
    <DCCReference Include="..\..\source\apilib\JwaWinDNS.pas" />
    <DCCReference Include="..\..\source\apilib\JwaWinEFS.pas" />
    <DCCReference Include="..\..\source\apilib\JwaWinError.pas" />
    <DCCReference Include="..\..\source\apilib\JwaWinFax.pas" />
    <DCCReference Include="..\..\source\apilib\JwaWinGDI.pas" />
    <DCCReference Include="..\..\source\apilib\JwaWinInet.pas" />
    <DCCReference Include="..\..\source\apilib\JwaWinIoctl.pas" />
    <DCCReference Include="..\..\source\apilib\JwaWinLDAP.pas" />
    <DCCReference Include="..\..\source\apilib\JwaWinNetWk.pas" />
    <DCCReference Include="..\..\source\apilib\JwaWinNLS.pas" />
    <DCCReference Include="..\..\source\apilib\JwaWinNT.pas" />
    <DCCReference Include="..\..\source\apilib\JwaWinPerf.pas" />
    <DCCReference Include="..\..\source\apilib\JwaWinReg.pas" />
    <DCCReference Include="..\..\source\apilib\JwaWinResrc.pas" />
    <DCCReference Include="..\..\source\apilib\JwaWinSafer.pas" />
    <DCCReference Include="..\..\source\apilib\JwaWinSock.pas" />
    <DCCReference Include="..\..\source\apilib\JwaWinsock2.pas" />
    <DCCReference Include="..\..\source\apilib\JwaWinSta.pas" />
    <DCCReference Include="..\..\source\apilib\JwaWinSvc.pas" />
    <DCCReference Include="..\..\source\apilib\JwaWinternl.pas" />
    <DCCReference Include="..\..\source\apilib\JwaWinType.pas" />
    <DCCReference Include="..\..\source\apilib\JwaWinUser.pas" />
    <DCCReference Include="..\..\source\apilib\JwaWinVer.pas" />
    <DCCReference Include="..\..\source\apilib\JwaWinWlx.pas" />
    <DCCReference Include="..\..\source\apilib\JwaWmiStr.pas" />
    <DCCReference Include="..\..\source\apilib\JwaWowNT16.pas" />
    <DCCReference Include="..\..\source\apilib\JwaWowNT32.pas" />
    <DCCReference Include="..\..\source\apilib\JwaWPApi.pas" />
    <DCCReference Include="..\..\source\apilib\JwaWPApiMsg.pas" />
    <DCCReference Include="..\..\source\apilib\JwaWPCrsMsg.pas" />
    <DCCReference Include="..\..\source\apilib\JwaWPFtpMsg.pas" />
    <DCCReference Include="..\..\source\apilib\JwaWPPstMsg.pas" />
    <DCCReference Include="..\..\source\apilib\JwaWPSpiHlp.pas" />
    <DCCReference Include="..\..\source\apilib\JwaWPTypes.pas" />
    <DCCReference Include="..\..\source\apilib\JwaWPWizMsg.pas" />
    <DCCReference Include="..\..\source\apilib\JwaWS2atm.pas" />
    <DCCReference Include="..\..\source\apilib\JwaWs2Bth.pas" />
    <DCCReference Include="..\..\source\apilib\JwaWS2dnet.pas" />
    <DCCReference Include="..\..\source\apilib\JwaWS2spi.pas" />
    <DCCReference Include="..\..\source\apilib\JwaWS2tcpip.pas" />
    <DCCReference Include="..\..\source\apilib\JwaWShisotp.pas" />
    <DCCReference Include="..\..\source\apilib\JwaWSipx.pas" />
    <DCCReference Include="..\..\source\apilib\JwaWSnetbs.pas" />
    <DCCReference Include="..\..\source\apilib\JwaWSNwLink.pas" />
    <DCCReference Include="..\..\source\apilib\JwaWsrm.pas" />
    <DCCReference Include="..\..\source\apilib\JwaWSvns.pas" />
    <DCCReference Include="..\..\source\apilib\JwaWtsApi32.pas" />
    <DCCReference Include="..\..\source\apilib\JwaZMOUSE.pas" />
    <DCCReference Include="..\..\source\apilib\JwaRpcWinsta.pas" />
  </ItemGroup>
</Project>
